
Microsoft Visual Studio Solution File, Format Version 12.00
# Visual Studio 14
VisualStudioVersion = 14.0.25420.1
MinimumVisualStudioVersion = 10.0.40219.1
Project("{8BB2217D-0F2D-49D1-97BC-3654ED321F3B}") = "BeginCollectionItemCore", "BeginCollectionItemCore\BeginCollectionItemCore.xproj", "{832A02D7-D0CD-4DFC-A08B-A8FE97AE6FD7}"
EndProject
Project("{8BB2217D-0F2D-49D1-97BC-3654ED321F3B}") = "BeginCollectionItemCoreDemo", "BeginCollectionItemCoreDemo\BeginCollectionItemCoreDemo.xproj", "{385A9189-4638-40BF-AA56-1E243159322D}"
EndProject
Global
	GlobalSection(SolutionConfigurationPlatforms) = preSolution
		Debug|Any CPU = Debug|Any CPU
		Release|Any CPU = Release|Any CPU
	EndGlobalSection
	GlobalSection(ProjectConfigurationPlatforms) = postSolution
		{832A02D7-D0CD-4DFC-A08B-A8FE97AE6FD7}.Debug|Any CPU.ActiveCfg = Debug|Any CPU
		{832A02D7-D0CD-4DFC-A08B-A8FE97AE6FD7}.Debug|Any CPU.Build.0 = Debug|Any CPU
		{832A02D7-D0CD-4DFC-A08B-A8FE97AE6FD7}.Release|Any CPU.ActiveCfg = Release|Any CPU
		{832A02D7-D0CD-4DFC-A08B-A8FE97AE6FD7}.Release|Any CPU.Build.0 = Release|Any CPU
		{385A9189-4638-40BF-AA56-1E243159322D}.Debug|Any CPU.ActiveCfg = Debug|Any CPU
		{385A9189-4638-40BF-AA56-1E243159322D}.Debug|Any CPU.Build.0 = Debug|Any CPU
		{385A9189-4638-40BF-AA56-1E243159322D}.Release|Any CPU.ActiveCfg = Release|Any CPU
		{385A9189-4638-40BF-AA56-1E243159322D}.Release|Any CPU.Build.0 = Release|Any CPU
	EndGlobalSection
	GlobalSection(SolutionProperties) = preSolution
		HideSolutionNode = FALSE
	EndGlobalSection
EndGlobal
